
Microsoft Visual Studio Solution File, Format Version 12.00
# Visual Studio Version 16
VisualStudioVersion = 16.0.31321.278
MinimumVisualStudioVersion = 10.0.40219.1
Project("{FAE04EC0-301F-11D3-BF4B-00C04F79EFBC}") = "RSAEncryptionandDecryption", "RSAEncryptionandDecryption\RSAEncryptionandDecryption.csproj", "{70058AAF-0F06-449A-9AE6-0749E54EB053}"
EndProject
Global
	GlobalSection(SolutionConfigurationPlatforms) = preSolution
		Debug|Any CPU = Debug|Any CPU
		Release|Any CPU = Release|Any CPU
	EndGlobalSection
	GlobalSection(ProjectConfigurationPlatforms) = postSolution
		{70058AAF-0F06-449A-9AE6-0749E54EB053}.Debug|Any CPU.ActiveCfg = Debug|Any CPU
		{70058AAF-0F06-449A-9AE6-0749E54EB053}.Debug|Any CPU.Build.0 = Debug|Any CPU
		{70058AAF-0F06-449A-9AE6-0749E54EB053}.Release|Any CPU.ActiveCfg = Release|Any CPU
		{70058AAF-0F06-449A-9AE6-0749E54EB053}.Release|Any CPU.Build.0 = Release|Any CPU
	EndGlobalSection
	GlobalSection(SolutionProperties) = preSolution
		HideSolutionNode = FALSE
	EndGlobalSection
	GlobalSection(ExtensibilityGlobals) = postSolution
		SolutionGuid = {CAAFA178-5642-4515-8194-AF8EBAD602B3}
	EndGlobalSection
EndGlobal
